// !$*UTF8*$!
{
	archiveVersion = 1;
	classes = {
	};
	objectVersion = 51;
	objects = {

/* Begin PBXBuildFile section */
		040A1B6E23FC956600447105 /* FeedCell.swift in Sources */ = {isa = PBXBuildFile; fileRef = 040A1B6D23FC956600447105 /* FeedCell.swift */; };
		042528FE23F48BB60084EEA4 /* 123.png in Resources */ = {isa = PBXBuildFile; fileRef = 042528FD23F48BB50084EEA4 /* 123.png */; };
		046C372B2401E49C00F476ED /* SDWebImage.framework in Frameworks */ = {isa = PBXBuildFile; fileRef = 046C372A2401E49C00F476ED /* SDWebImage.framework */; };
		04D1C5E423F200570067537D /* AppDelegate.swift in Sources */ = {isa = PBXBuildFile; fileRef = 04D1C5E323F200570067537D /* AppDelegate.swift */; };
		04D1C5E623F200570067537D /* FeedVC.swift in Sources */ = {isa = PBXBuildFile; fileRef = 04D1C5E523F200570067537D /* FeedVC.swift */; };
		04D1C5E823F200570067537D /* UploadVC.swift in Sources */ = {isa = PBXBuildFile; fileRef = 04D1C5E723F200570067537D /* UploadVC.swift */; };
		04D1C5EB23F200570067537D /* Main.storyboard in Resources */ = {isa = PBXBuildFile; fileRef = 04D1C5E923F200570067537D /* Main.storyboard */; };
		04D1C5ED23F2005D0067537D /* Assets.xcassets in Resources */ = {isa = PBXBuildFile; fileRef = 04D1C5EC23F2005D0067537D /* Assets.xcassets */; };
		04D1C5F023F2005D0067537D /* LaunchScreen.storyboard in Resources */ = {isa = PBXBuildFile; fileRef = 04D1C5EE23F2005D0067537D /* LaunchScreen.storyboard */; };
		04D1C5F823F202960067537D /* SignInVC.swift in Sources */ = {isa = PBXBuildFile; fileRef = 04D1C5F723F202960067537D /* SignInVC.swift */; };
		04D1C5FA23F208AB0067537D /* GoogleService-Info.plist in Resources */ = {isa = PBXBuildFile; fileRef = 04D1C5F923F208AB0067537D /* GoogleService-Info.plist */; };
		D1FB2947935EE26936115734 /* Pods_InstaClone_Firebase.framework in Frameworks */ = {isa = PBXBuildFile; fileRef = 0AED1CDCFADEC76D22C13A5A /* Pods_InstaClone_Firebase.framework */; };
/* End PBXBuildFile section */

/* Begin PBXFileReference section */
		040A1B6D23FC956600447105 /* FeedCell.swift */ = {isa = PBXFileReference; lastKnownFileType = sourcecode.swift; path = FeedCell.swift; sourceTree = "<group>"; };
		042528FD23F48BB50084EEA4 /* 123.png */ = {isa = PBXFileReference; lastKnownFileType = image.png; path = 123.png; sourceTree = "<group>"; };
		046C372A2401E49C00F476ED /* SDWebImage.framework */ = {isa = PBXFileReference; explicitFileType = wrapper.framework; path = SDWebImage.framework; sourceTree = BUILT_PRODUCTS_DIR; };
		04D1C5E023F200570067537D /* InstaClone Firebase.app */ = {isa = PBXFileReference; explicitFileType = wrapper.application; includeInIndex = 0; path = "InstaClone Firebase.app"; sourceTree = BUILT_PRODUCTS_DIR; };
		04D1C5E323F200570067537D /* AppDelegate.swift */ = {isa = PBXFileReference; lastKnownFileType = sourcecode.swift; path = AppDelegate.swift; sourceTree = "<group>"; };
		04D1C5E523F200570067537D /* FeedVC.swift */ = {isa = PBXFileReference; lastKnownFileType = sourcecode.swift; path = FeedVC.swift; sourceTree = "<group>"; };
		04D1C5E723F200570067537D /* UploadVC.swift */ = {isa = PBXFileReference; lastKnownFileType = sourcecode.swift; path = UploadVC.swift; sourceTree = "<group>"; };
		04D1C5EA23F200570067537D /* Base */ = {isa = PBXFileReference; lastKnownFileType = file.storyboard; name = Base; path = Base.lproj/Main.storyboard; sourceTree = "<group>"; };
		04D1C5EC23F2005D0067537D /* Assets.xcassets */ = {isa = PBXFileReference; lastKnownFileType = folder.assetcatalog; path = Assets.xcassets; sourceTree = "<group>"; };
		04D1C5EF23F2005D0067537D /* Base */ = {isa = PBXFileReference; lastKnownFileType = file.storyboard; name = Base; path = Base.lproj/LaunchScreen.storyboard; sourceTree = "<group>"; };
		04D1C5F123F2005D0067537D /* Info.plist */ = {isa = PBXFileReference; lastKnownFileType = text.plist.xml; path = Info.plist; sourceTree = "<group>"; };
		04D1C5F723F202960067537D /* SignInVC.swift */ = {isa = PBXFileReference; lastKnownFileType = sourcecode.swift; path = SignInVC.swift; sourceTree = "<group>"; };
		04D1C5F923F208AB0067537D /* GoogleService-Info.plist */ = {isa = PBXFileReference; fileEncoding = 4; lastKnownFileType = text.plist.xml; path = "GoogleService-Info.plist"; sourceTree = "<group>"; };
		0AED1CDCFADEC76D22C13A5A /* Pods_InstaClone_Firebase.framework */ = {isa = PBXFileReference; explicitFileType = wrapper.framework; includeInIndex = 0; path = Pods_InstaClone_Firebase.framework; sourceTree = BUILT_PRODUCTS_DIR; };
		3DF122CADEEB73DCFE55E16D /* Pods-InstaClone Firebase.debug.xcconfig */ = {isa = PBXFileReference; includeInIndex = 1; lastKnownFileType = text.xcconfig; name = "Pods-InstaClone Firebase.debug.xcconfig"; path = "Target Support Files/Pods-InstaClone Firebase/Pods-InstaClone Firebase.debug.xcconfig"; sourceTree = "<group>"; };
		9C1DA92C37D540DD879BD248 /* Pods-InstaClone Firebase.release.xcconfig */ = {isa = PBXFileReference; includeInIndex = 1; lastKnownFileType = text.xcconfig; name = "Pods-InstaClone Firebase.release.xcconfig"; path = "Target Support Files/Pods-InstaClone Firebase/Pods-InstaClone Firebase.release.xcconfig"; sourceTree = "<group>"; };
/* End PBXFileReference section */

/* Begin PBXFrameworksBuildPhase section */
		04D1C5DD23F200570067537D /* Frameworks */ = {
			isa = PBXFrameworksBuildPhase;
			buildActionMask = 2147483647;
			files = (
				046C372B2401E49C00F476ED /* SDWebImage.framework in Frameworks */,
				D1FB2947935EE26936115734 /* Pods_InstaClone_Firebase.framework in Frameworks */,
			);
			runOnlyForDeploymentPostprocessing = 0;
		};
/* End PBXFrameworksBuildPhase section */

/* Begin PBXGroup section */
		04D1C5D723F200570067537D = {
			isa = PBXGroup;
			children = (
				04D1C5E223F200570067537D /* InstaClone Firebase */,
				04D1C5E123F200570067537D /* Products */,
				D3464AB0BBD7547197925F04 /* Pods */,
				162F1CB1896687ECCC423408 /* Frameworks */,
			);
			sourceTree = "<group>";
		};
		04D1C5E123F200570067537D /* Products */ = {
			isa = PBXGroup;
			children = (
				04D1C5E023F200570067537D /* InstaClone Firebase.app */,
			);
			name = Products;
			sourceTree = "<group>";
		};
		04D1C5E223F200570067537D /* InstaClone Firebase */ = {
			isa = PBXGroup;
			children = (
				04D1C5E323F200570067537D /* AppDelegate.swift */,
				04D1C5E523F200570067537D /* FeedVC.swift */,
				04D1C5E723F200570067537D /* UploadVC.swift */,
				04D1C5F723F202960067537D /* SignInVC.swift */,
				040A1B6D23FC956600447105 /* FeedCell.swift */,
				04D1C5E923F200570067537D /* Main.storyboard */,
				04D1C5EC23F2005D0067537D /* Assets.xcassets */,
				04D1C5EE23F2005D0067537D /* LaunchScreen.storyboard */,
				04D1C5F123F2005D0067537D /* Info.plist */,
				04D1C5F923F208AB0067537D /* GoogleService-Info.plist */,
				042528FD23F48BB50084EEA4 /* 123.png */,
			);
			path = "InstaClone Firebase";
			sourceTree = "<group>";
		};
		162F1CB1896687ECCC423408 /* Frameworks */ = {
			isa = PBXGroup;
			children = (
				046C372A2401E49C00F476ED /* SDWebImage.framework */,
				0AED1CDCFADEC76D22C13A5A /* Pods_InstaClone_Firebase.framework */,
			);
			name = Frameworks;
			sourceTree = "<group>";
		};
		D3464AB0BBD7547197925F04 /* Pods */ = {
			isa = PBXGroup;
			children = (
				3DF122CADEEB73DCFE55E16D /* Pods-InstaClone Firebase.debug.xcconfig */,
				9C1DA92C37D540DD879BD248 /* Pods-InstaClone Firebase.release.xcconfig */,
			);
			path = Pods;
			sourceTree = "<group>";
		};
/* End PBXGroup section */

/* Begin PBXNativeTarget section */
		04D1C5DF23F200570067537D /* InstaClone Firebase */ = {
			isa = PBXNativeTarget;
			buildConfigurationList = 04D1C5F423F2005D0067537D /* Build configuration list for PBXNativeTarget "InstaClone Firebase" */;
			buildPhases = (
				812F9D72D63F9DBFA7932B09 /* [CP] Check Pods Manifest.lock */,
				04D1C5DC23F200570067537D /* Sources */,
				04D1C5DD23F200570067537D /* Frameworks */,
				04D1C5DE23F200570067537D /* Resources */,
				10B3DE580824960D08B52481 /* [CP] Embed Pods Frameworks */,
			);
			buildRules = (
			);
			dependencies = (
			);
			name = "InstaClone Firebase";
			productName = "InstaClone Firebase";
			productReference = 04D1C5E023F200570067537D /* InstaClone Firebase.app */;
			productType = "com.apple.product-type.application";
		};
/* End PBXNativeTarget section */

/* Begin PBXProject section */
		04D1C5D823F200570067537D /* Project object */ = {
			isa = PBXProject;
			attributes = {
				LastSwiftUpdateCheck = 1010;
				LastUpgradeCheck = 1010;
				ORGANIZATIONNAME = Maverick;
				TargetAttributes = {
					04D1C5DF23F200570067537D = {
						CreatedOnToolsVersion = 10.1;
					};
				};
			};
			buildConfigurationList = 04D1C5DB23F200570067537D /* Build configuration list for PBXProject "InstaClone Firebase" */;
			compatibilityVersion = "Xcode 9.3";
			developmentRegion = en;
			hasScannedForEncodings = 0;
			knownRegions = (
				en,
				Base,
			);
			mainGroup = 04D1C5D723F200570067537D;
			productRefGroup = 04D1C5E123F200570067537D /* Products */;
			projectDirPath = "";
			projectRoot = "";
			targets = (
				04D1C5DF23F200570067537D /* InstaClone Firebase */,
			);
		};
/* End PBXProject section */

/* Begin PBXResourcesBuildPhase section */
		04D1C5DE23F200570067537D /* Resources */ = {
			isa = PBXResourcesBuildPhase;
			buildActionMask = 2147483647;
			files = (
				04D1C5F023F2005D0067537D /* LaunchScreen.storyboard in Resources */,
				04D1C5FA23F208AB0067537D /* GoogleService-Info.plist in Resources */,
				04D1C5ED23F2005D0067537D /* Assets.xcassets in Resources */,
				04D1C5EB23F200570067537D /* Main.storyboard in Resources */,
				042528FE23F48BB60084EEA4 /* 123.png in Resources */,
			);
			runOnlyForDeploymentPostprocessing = 0;
		};
/* End PBXResourcesBuildPhase section */

/* Begin PBXShellScriptBuildPhase section */
		10B3DE580824960D08B52481 /* [CP] Embed Pods Frameworks */ = {
			isa = PBXShellScriptBuildPhase;
			buildActionMask = 2147483647;
			files = (
			);
			inputFileListPaths = (
				"${PODS_ROOT}/Target Support Files/Pods-InstaClone Firebase/Pods-InstaClone Firebase-frameworks-${CONFIGURATION}-input-files.xcfilelist",
			);
			name = "[CP] Embed Pods Frameworks";
			outputFileListPaths = (
				"${PODS_ROOT}/Target Support Files/Pods-InstaClone Firebase/Pods-InstaClone Firebase-frameworks-${CONFIGURATION}-output-files.xcfilelist",
			);
			runOnlyForDeploymentPostprocessing = 0;
			shellPath = /bin/sh;
			shellScript = "\"${PODS_ROOT}/Target Support Files/Pods-InstaClone Firebase/Pods-InstaClone Firebase-frameworks.sh\"\n";
			showEnvVarsInLog = 0;
		};
		812F9D72D63F9DBFA7932B09 /* [CP] Check Pods Manifest.lock */ = {
			isa = PBXShellScriptBuildPhase;
			buildActionMask = 2147483647;
			files = (
			);
			inputFileListPaths = (
			);
			inputPaths = (
				"${PODS_PODFILE_DIR_PATH}/Podfile.lock",
				"${PODS_ROOT}/Manifest.lock",
			);
			name = "[CP] Check Pods Manifest.lock";
			outputFileListPaths = (
			);
			outputPaths = (
				"$(DERIVED_FILE_DIR)/Pods-InstaClone Firebase-checkManifestLockResult.txt",
			);
			runOnlyForDeploymentPostprocessing = 0;
			shellPath = /bin/sh;
			shellScript = "diff \"${PODS_PODFILE_DIR_PATH}/Podfile.lock\" \"${PODS_ROOT}/Manifest.lock\" > /dev/null\nif [ $? != 0 ] ; then\n    # print error to STDERR\n    echo \"error: The sandbox is not in sync with the Podfile.lock. Run 'pod install' or update your CocoaPods installation.\" >&2\n    exit 1\nfi\n# This output is used by Xcode 'outputs' to avoid re-running this script phase.\necho \"SUCCESS\" > \"${SCRIPT_OUTPUT_FILE_0}\"\n";
			showEnvVarsInLog = 0;
		};
/* End PBXShellScriptBuildPhase section */

/* Begin PBXSourcesBuildPhase section */
		04D1C5DC23F200570067537D /* Sources */ = {
			isa = PBXSourcesBuildPhase;
			buildActionMask = 2147483647;
			files = (
				04D1C5E823F200570067537D /* UploadVC.swift in Sources */,
				040A1B6E23FC956600447105 /* FeedCell.swift in Sources */,
				04D1C5E423F200570067537D /* AppDelegate.swift in Sources */,
				04D1C5F823F202960067537D /* SignInVC.swift in Sources */,
				04D1C5E623F200570067537D /* FeedVC.swift in Sources */,
			);
			runOnlyForDeploymentPostprocessing = 0;
		};
/* End PBXSourcesBuildPhase section */

/* Begin PBXVariantGroup section */
		04D1C5E923F200570067537D /* Main.storyboard */ = {
			isa = PBXVariantGroup;
			children = (
				04D1C5EA23F200570067537D /* Base */,
			);
			name = Main.storyboard;
			sourceTree = "<group>";
		};
		04D1C5EE23F2005D0067537D /* LaunchScreen.storyboard */ = {
			isa = PBXVariantGroup;
			children = (
				04D1C5EF23F2005D0067537D /* Base */,
			);
			name = LaunchScreen.storyboard;
			sourceTree = "<group>";
		};
/* End PBXVariantGroup section */

/* Begin XCBuildConfiguration section */
		04D1C5F223F2005D0067537D /* Debug */ = {
			isa = XCBuildConfiguration;
			buildSettings = {
				ALWAYS_SEARCH_USER_PATHS = NO;
				CLANG_ANALYZER_NONNULL = YES;
				CLANG_ANALYZER_NUMBER_OBJECT_CONVERSION = YES_AGGRESSIVE;
				CLANG_CXX_LANGUAGE_STANDARD = "gnu++14";
				CLANG_CXX_LIBRARY = "libc++";
				CLANG_ENABLE_MODULES = YES;
				CLANG_ENABLE_OBJC_ARC = YES;
				CLANG_ENABLE_OBJC_WEAK = YES;
				CLANG_WARN_BLOCK_CAPTURE_AUTORELEASING = YES;
				CLANG_WARN_BOOL_CONVERSION = YES;
				CLANG_WARN_COMMA = YES;
				CLANG_WARN_CONSTANT_CONVERSION = YES;
				CLANG_WARN_DEPRECATED_OBJC_IMPLEMENTATIONS = YES;
				CLANG_WARN_DIRECT_OBJC_ISA_USAGE = YES_ERROR;
				CLANG_WARN_DOCUMENTATION_COMMENTS = YES;
				CLANG_WARN_EMPTY_BODY = YES;
				CLANG_WARN_ENUM_CONVERSION = YES;
				CLANG_WARN_INFINITE_RECURSION = YES;
				CLANG_WARN_INT_CONVERSION = YES;
				CLANG_WARN_NON_LITERAL_NULL_CONVERSION = YES;
				CLANG_WARN_OBJC_IMPLICIT_RETAIN_SELF = YES;
				CLANG_WARN_OBJC_LITERAL_CONVERSION = YES;
				CLANG_WARN_OBJC_ROOT_CLASS = YES_ERROR;
				CLANG_WARN_RANGE_LOOP_ANALYSIS = YES;
				CLANG_WARN_STRICT_PROTOTYPES = YES;
				CLANG_WARN_SUSPICIOUS_MOVE = YES;
				CLANG_WARN_UNGUARDED_AVAILABILITY = YES_AGGRESSIVE;
				CLANG_WARN_UNREACHABLE_CODE = YES;
				CLANG_WARN__DUPLICATE_METHOD_MATCH = YES;
				CODE_SIGN_IDENTITY = "iPhone Developer";
				COPY_PHASE_STRIP = NO;
				DEBUG_INFORMATION_FORMAT = dwarf;
				ENABLE_STRICT_OBJC_MSGSEND = YES;
				ENABLE_TESTABILITY = YES;
				GCC_C_LANGUAGE_STANDARD = gnu11;
				GCC_DYNAMIC_NO_PIC = NO;
				GCC_NO_COMMON_BLOCKS = YES;
				GCC_OPTIMIZATION_LEVEL = 0;
				GCC_PREPROCESSOR_DEFINITIONS = (
					"DEBUG=1",
					"$(inherited)",
				);
				GCC_WARN_64_TO_32_BIT_CONVERSION = YES;
				GCC_WARN_ABOUT_RETURN_TYPE = YES_ERROR;
				GCC_WARN_UNDECLARED_SELECTOR = YES;
				GCC_WARN_UNINITIALIZED_AUTOS = YES_AGGRESSIVE;
				GCC_WARN_UNUSED_FUNCTION = YES;
				GCC_WARN_UNUSED_VARIABLE = YES;
				IPHONEOS_DEPLOYMENT_TARGET = 12.1;
				MTL_ENABLE_DEBUG_INFO = INCLUDE_SOURCE;
				MTL_FAST_MATH = YES;
				ONLY_ACTIVE_ARCH = YES;
				SDKROOT = iphoneos;
				SWIFT_ACTIVE_COMPILATION_CONDITIONS = DEBUG;
				SWIFT_OPTIMIZATION_LEVEL = "-Onone";
			};
			name = Debug;
		};
		04D1C5F323F2005D0067537D /* Release */ = {
			isa = XCBuildConfiguration;
			buildSettings = {
				ALWAYS_SEARCH_USER_PATHS = NO;
				CLANG_ANALYZER_NONNULL = YES;
				CLANG_ANALYZER_NUMBER_OBJECT_CONVERSION = YES_AGGRESSIVE;
				CLANG_CXX_LANGUAGE_STANDARD = "gnu++14";
				CLANG_CXX_LIBRARY = "libc++";
				CLANG_ENABLE_MODULES = YES;
				CLANG_ENABLE_OBJC_ARC = YES;
				CLANG_ENABLE_OBJC_WEAK = YES;
				CLANG_WARN_BLOCK_CAPTURE_AUTORELEASING = YES;
				CLANG_WARN_BOOL_CONVERSION = YES;
				CLANG_WARN_COMMA = YES;
				CLANG_WARN_CONSTANT_CONVERSION = YES;
				CLANG_WARN_DEPRECATED_OBJC_IMPLEMENTATIONS = YES;
				CLANG_WARN_DIRECT_OBJC_ISA_USAGE = YES_ERROR;
				CLANG_WARN_DOCUMENTATION_COMMENTS = YES;
				CLANG_WARN_EMPTY_BODY = YES;
				CLANG_WARN_ENUM_CONVERSION = YES;
				CLANG_WARN_INFINITE_RECURSION = YES;
				CLANG_WARN_INT_CONVERSION = YES;
				CLANG_WARN_NON_LITERAL_NULL_CONVERSION = YES;
				CLANG_WARN_OBJC_IMPLICIT_RETAIN_SELF = YES;
				CLANG_WARN_OBJC_LITERAL_CONVERSION = YES;
				CLANG_WARN_OBJC_ROOT_CLASS = YES_ERROR;
				CLANG_WARN_RANGE_LOOP_ANALYSIS = YES;
				CLANG_WARN_STRICT_PROTOTYPES = YES;
				CLANG_WARN_SUSPICIOUS_MOVE = YES;
				CLANG_WARN_UNGUARDED_AVAILABILITY = YES_AGGRESSIVE;
				CLANG_WARN_UNREACHABLE_CODE = YES;
				CLANG_WARN__DUPLICATE_METHOD_MATCH = YES;
				CODE_SIGN_IDENTITY = "iPhone Developer";
				COPY_PHASE_STRIP = NO;
				DEBUG_INFORMATION_FORMAT = "dwarf-with-dsym";
				ENABLE_NS_ASSERTIONS = NO;
				ENABLE_STRICT_OBJC_MSGSEND = YES;
				GCC_C_LANGUAGE_STANDARD = gnu11;
				GCC_NO_COMMON_BLOCKS = YES;
				GCC_WARN_64_TO_32_BIT_CONVERSION = YES;
				GCC_WARN_ABOUT_RETURN_TYPE = YES_ERROR;
				GCC_WARN_UNDECLARED_SELECTOR = YES;
				GCC_WARN_UNINITIALIZED_AUTOS = YES_AGGRESSIVE;
				GCC_WARN_UNUSED_FUNCTION = YES;
				GCC_WARN_UNUSED_VARIABLE = YES;
				IPHONEOS_DEPLOYMENT_TARGET = 12.1;
				MTL_ENABLE_DEBUG_INFO = NO;
				MTL_FAST_MATH = YES;
				SDKROOT = iphoneos;
				SWIFT_COMPILATION_MODE = wholemodule;
				SWIFT_OPTIMIZATION_LEVEL = "-O";
				VALIDATE_PRODUCT = YES;
			};
			name = Release;
		};
		04D1C5F523F2005D0067537D /* Debug */ = {
			isa = XCBuildConfiguration;
			baseConfigurationReference = 3DF122CADEEB73DCFE55E16D /* Pods-InstaClone Firebase.debug.xcconfig */;
			buildSettings = {
				ASSETCATALOG_COMPILER_APPICON_NAME = AppIcon;
				CODE_SIGN_STYLE = Automatic;
				DEVELOPMENT_TEAM = KXRJR3ZTQT;
				INFOPLIST_FILE = "InstaClone Firebase/Info.plist";
				LD_RUNPATH_SEARCH_PATHS = (
					"$(inherited)",
					"@executable_path/Frameworks",
				);
				PRODUCT_BUNDLE_IDENTIFIER = "Maverick.InstaClone-Firebase";
				PRODUCT_NAME = "$(TARGET_NAME)";
				SWIFT_VERSION = 4.2;
				TARGETED_DEVICE_FAMILY = "1,2";
			};
			name = Debug;
		};
		04D1C5F623F2005D0067537D /* Release */ = {
			isa = XCBuildConfiguration;
			baseConfigurationReference = 9C1DA92C37D540DD879BD248 /* Pods-InstaClone Firebase.release.xcconfig */;
			buildSettings = {
				ASSETCATALOG_COMPILER_APPICON_NAME = AppIcon;
				CODE_SIGN_STYLE = Automatic;
				DEVELOPMENT_TEAM = KXRJR3ZTQT;
				INFOPLIST_FILE = "InstaClone Firebase/Info.plist";
				LD_RUNPATH_SEARCH_PATHS = (
					"$(inherited)",
					"@executable_path/Frameworks",
				);
				PRODUCT_BUNDLE_IDENTIFIER = "Maverick.InstaClone-Firebase";
				PRODUCT_NAME = "$(TARGET_NAME)";
				SWIFT_VERSION = 4.2;
				TARGETED_DEVICE_FAMILY = "1,2";
			};
			name = Release;
		};
/* End XCBuildConfiguration section */

/* Begin XCConfigurationList section */
		04D1C5DB23F200570067537D /* Build configuration list for PBXProject "InstaClone Firebase" */ = {
			isa = XCConfigurationList;
			buildConfigurations = (
				04D1C5F223F2005D0067537D /* Debug */,
				04D1C5F323F2005D0067537D /* Release */,
			);
			defaultConfigurationIsVisible = 0;
			defaultConfigurationName = Release;
		};
		04D1C5F423F2005D0067537D /* Build configuration list for PBXNativeTarget "InstaClone Firebase" */ = {
			isa = XCConfigurationList;
			buildConfigurations = (
				04D1C5F523F2005D0067537D /* Debug */,
				04D1C5F623F2005D0067537D /* Release */,
			);
			defaultConfigurationIsVisible = 0;
			defaultConfigurationName = Release;
		};
/* End XCConfigurationList section */
	};
	rootObject = 04D1C5D823F200570067537D /* Project object */;
}
